
Microsoft Visual Studio Solution File, Format Version 12.00
# Visual Studio 15
VisualStudioVersion = 15.0.28307.106
MinimumVisualStudioVersion = 10.0.40219.1
Project("{FAE04EC0-301F-11D3-BF4B-00C04F79EFBC}") = "WindowsFormsApp1", "WindowsFormsApp1\WindowsFormsApp1.csproj", "{EC96FC44-FF2E-40A8-BD51-4DCC9AC743BC}"
EndProject
Global
	GlobalSection(SolutionConfigurationPlatforms) = preSolution
		Debug|Any CPU = Debug|Any CPU
		Release|Any CPU = Release|Any CPU
	EndGlobalSection
	GlobalSection(ProjectConfigurationPlatforms) = postSolution
		{EC96FC44-FF2E-40A8-BD51-4DCC9AC743BC}.Debug|Any CPU.ActiveCfg = Debug|Any CPU
		{EC96FC44-FF2E-40A8-BD51-4DCC9AC743BC}.Debug|Any CPU.Build.0 = Debug|Any CPU
		{EC96FC44-FF2E-40A8-BD51-4DCC9AC743BC}.Release|Any CPU.ActiveCfg = Release|Any CPU
		{EC96FC44-FF2E-40A8-BD51-4DCC9AC743BC}.Release|Any CPU.Build.0 = Release|Any CPU
	EndGlobalSection
	GlobalSection(SolutionProperties) = preSolution
		HideSolutionNode = FALSE
	EndGlobalSection
	GlobalSection(ExtensibilityGlobals) = postSolution
		SolutionGuid = {E218E27B-C3AF-4735-8FB5-AE022FCE2BE6}
	EndGlobalSection
EndGlobal
